
Microsoft Visual Studio Solution File, Format Version 12.00
# Visual Studio Version 17
VisualStudioVersion = 17.9.34616.47
MinimumVisualStudioVersion = 10.0.40219.1
Project("{FAE04EC0-301F-11D3-BF4B-00C04F79EFBC}") = "Lection1204", "Lection1204\Lection1204.csproj", "{CE73B5F0-E638-4CEA-A28D-FB5EE3FC65A2}"
EndProject
Project("{FAE04EC0-301F-11D3-BF4B-00C04F79EFBC}") = "Num1", "Num1\Num1.csproj", "{4305CE2D-3307-4B17-BB06-A98BCF932E13}"
EndProject
Global
	GlobalSection(SolutionConfigurationPlatforms) = preSolution
		Debug|Any CPU = Debug|Any CPU
		Release|Any CPU = Release|Any CPU
	EndGlobalSection
	GlobalSection(ProjectConfigurationPlatforms) = postSolution
		{CE73B5F0-E638-4CEA-A28D-FB5EE3FC65A2}.Debug|Any CPU.ActiveCfg = Debug|Any CPU
		{CE73B5F0-E638-4CEA-A28D-FB5EE3FC65A2}.Debug|Any CPU.Build.0 = Debug|Any CPU
		{CE73B5F0-E638-4CEA-A28D-FB5EE3FC65A2}.Release|Any CPU.ActiveCfg = Release|Any CPU
		{CE73B5F0-E638-4CEA-A28D-FB5EE3FC65A2}.Release|Any CPU.Build.0 = Release|Any CPU
		{4305CE2D-3307-4B17-BB06-A98BCF932E13}.Debug|Any CPU.ActiveCfg = Debug|Any CPU
		{4305CE2D-3307-4B17-BB06-A98BCF932E13}.Debug|Any CPU.Build.0 = Debug|Any CPU
		{4305CE2D-3307-4B17-BB06-A98BCF932E13}.Release|Any CPU.ActiveCfg = Release|Any CPU
		{4305CE2D-3307-4B17-BB06-A98BCF932E13}.Release|Any CPU.Build.0 = Release|Any CPU
	EndGlobalSection
	GlobalSection(SolutionProperties) = preSolution
		HideSolutionNode = FALSE
	EndGlobalSection
	GlobalSection(ExtensibilityGlobals) = postSolution
		SolutionGuid = {E7E6D874-DF3D-41E6-8A50-E26AED11E9F6}
	EndGlobalSection
EndGlobal
